
Microsoft Visual Studio Solution File, Format Version 12.00
# Visual Studio Version 17
VisualStudioVersion = 17.7.34031.279
MinimumVisualStudioVersion = 10.0.40219.1
Project("{FAE04EC0-301F-11D3-BF4B-00C04F79EFBC}") = "l_6", "l_6\l_6.csproj", "{D5C39657-434A-4A85-8C95-CE1BBE039D11}"
EndProject
Global
	GlobalSection(SolutionConfigurationPlatforms) = preSolution
		Debug|Any CPU = Debug|Any CPU
		Release|Any CPU = Release|Any CPU
	EndGlobalSection
	GlobalSection(ProjectConfigurationPlatforms) = postSolution
		{D5C39657-434A-4A85-8C95-CE1BBE039D11}.Debug|Any CPU.ActiveCfg = Debug|Any CPU
		{D5C39657-434A-4A85-8C95-CE1BBE039D11}.Debug|Any CPU.Build.0 = Debug|Any CPU
		{D5C39657-434A-4A85-8C95-CE1BBE039D11}.Release|Any CPU.ActiveCfg = Release|Any CPU
		{D5C39657-434A-4A85-8C95-CE1BBE039D11}.Release|Any CPU.Build.0 = Release|Any CPU
	EndGlobalSection
	GlobalSection(SolutionProperties) = preSolution
		HideSolutionNode = FALSE
	EndGlobalSection
	GlobalSection(ExtensibilityGlobals) = postSolution
		SolutionGuid = {C7ECCD6E-0D3D-49C7-870D-1CA45B9BE945}
	EndGlobalSection
EndGlobal
